
Microsoft Visual Studio Solution File, Format Version 12.00
# Visual Studio Version 16
VisualStudioVersion = 16.0.31112.23
MinimumVisualStudioVersion = 10.0.40219.1
Project("{FAE04EC0-301F-11D3-BF4B-00C04F79EFBC}") = "Лабораторна1", "Лабораторна1\Лабораторна1.csproj", "{A859FCE0-6A74-44BD-9CE8-B4D3931B9FE3}"
EndProject
Project("{FAE04EC0-301F-11D3-BF4B-00C04F79EFBC}") = "Лабораторна1_тест", "Лабораторна1_тест\Лабораторна1_тест.csproj", "{BBC98345-B32F-48BB-9B80-56DAD653F421}"
EndProject
Global
	GlobalSection(SolutionConfigurationPlatforms) = preSolution
		Debug|Any CPU = Debug|Any CPU
		Release|Any CPU = Release|Any CPU
	EndGlobalSection
	GlobalSection(ProjectConfigurationPlatforms) = postSolution
		{A859FCE0-6A74-44BD-9CE8-B4D3931B9FE3}.Debug|Any CPU.ActiveCfg = Debug|Any CPU
		{A859FCE0-6A74-44BD-9CE8-B4D3931B9FE3}.Debug|Any CPU.Build.0 = Debug|Any CPU
		{A859FCE0-6A74-44BD-9CE8-B4D3931B9FE3}.Release|Any CPU.ActiveCfg = Release|Any CPU
		{A859FCE0-6A74-44BD-9CE8-B4D3931B9FE3}.Release|Any CPU.Build.0 = Release|Any CPU
		{BBC98345-B32F-48BB-9B80-56DAD653F421}.Debug|Any CPU.ActiveCfg = Debug|Any CPU
		{BBC98345-B32F-48BB-9B80-56DAD653F421}.Debug|Any CPU.Build.0 = Debug|Any CPU
		{BBC98345-B32F-48BB-9B80-56DAD653F421}.Release|Any CPU.ActiveCfg = Release|Any CPU
		{BBC98345-B32F-48BB-9B80-56DAD653F421}.Release|Any CPU.Build.0 = Release|Any CPU
	EndGlobalSection
	GlobalSection(SolutionProperties) = preSolution
		HideSolutionNode = FALSE
	EndGlobalSection
	GlobalSection(ExtensibilityGlobals) = postSolution
		SolutionGuid = {9C81852F-6726-4EA1-AE5B-7C62D7724FC0}
	EndGlobalSection
EndGlobal
